
Microsoft Visual Studio Solution File, Format Version 12.00
# Visual Studio Version 17
VisualStudioVersion = 17.11.35327.3
MinimumVisualStudioVersion = 10.0.40219.1
Project("{2150E333-8FDC-42A3-9474-1A3956D46DE8}") = "src", "src", "{A67CFA78-0611-4F0A-AF29-701A2B4D11CA}"
EndProject
Project("{2150E333-8FDC-42A3-9474-1A3956D46DE8}") = "test", "test", "{B1E891B6-F890-4951-B73D-14CE4B244364}"
EndProject
Project("{2150E333-8FDC-42A3-9474-1A3956D46DE8}") = "Backend", "Backend", "{2C9CC67B-D8B2-4682-BCD7-302B892B4F70}"
EndProject
Project("{2150E333-8FDC-42A3-9474-1A3956D46DE8}") = "Shared", "Shared", "{809914A6-F19B-4FB3-AC7F-1B301EF6EFCC}"
EndProject
Project("{9A19103F-16F7-4668-BE54-9A1E7A4F7556}") = "WebApplication1", "src\Backend\WebApplication1\WebApplication1.csproj", "{B4660E4B-3BA8-48C4-9973-63CF633D0C47}"
EndProject
Project("{FAE04EC0-301F-11D3-BF4B-00C04F79EFBC}") = "MyRecipeBook.Domain", "src\Backend\MyRecipeBook.Domain\MyRecipeBook.Domain.csproj", "{10636045-6F17-4D6F-96CD-3E910D75CE0F}"
EndProject
Project("{FAE04EC0-301F-11D3-BF4B-00C04F79EFBC}") = "MyRecipeBook.Infrastructure", "src\Backend\MyRecipeBook.Infrastructure\MyRecipeBook.Infrastructure.csproj", "{39F48CE0-C247-4531-AC85-25DABADA1FD9}"
EndProject
Project("{FAE04EC0-301F-11D3-BF4B-00C04F79EFBC}") = "MyRecipeBook.Comunication", "src\Shared\MyRecipeBook.Comunication\MyRecipeBook.Comunication.csproj", "{B1A084A7-F0BA-4F77-95B0-303E95ACE196}"
EndProject
Project("{FAE04EC0-301F-11D3-BF4B-00C04F79EFBC}") = "MyRecipeBook.Exceptions", "src\Shared\MyRecipeBook.Exceptions\MyRecipeBook.Exceptions.csproj", "{DA87F7FE-6A4B-47D8-82F3-BD59DEF54827}"
EndProject
Project("{FAE04EC0-301F-11D3-BF4B-00C04F79EFBC}") = "MyRecipeBook.Aplication", "src\Backend\MyRecipeBook.Aplication\MyRecipeBook.Aplication.csproj", "{D9E33DBE-162C-48CA-86E3-03F174D5F43C}"
EndProject
Global
	GlobalSection(SolutionConfigurationPlatforms) = preSolution
		Debug|Any CPU = Debug|Any CPU
		Release|Any CPU = Release|Any CPU
	EndGlobalSection
	GlobalSection(ProjectConfigurationPlatforms) = postSolution
		{B4660E4B-3BA8-48C4-9973-63CF633D0C47}.Debug|Any CPU.ActiveCfg = Debug|Any CPU
		{B4660E4B-3BA8-48C4-9973-63CF633D0C47}.Debug|Any CPU.Build.0 = Debug|Any CPU
		{B4660E4B-3BA8-48C4-9973-63CF633D0C47}.Release|Any CPU.ActiveCfg = Release|Any CPU
		{B4660E4B-3BA8-48C4-9973-63CF633D0C47}.Release|Any CPU.Build.0 = Release|Any CPU
		{10636045-6F17-4D6F-96CD-3E910D75CE0F}.Debug|Any CPU.ActiveCfg = Debug|Any CPU
		{10636045-6F17-4D6F-96CD-3E910D75CE0F}.Debug|Any CPU.Build.0 = Debug|Any CPU
		{10636045-6F17-4D6F-96CD-3E910D75CE0F}.Release|Any CPU.ActiveCfg = Release|Any CPU
		{10636045-6F17-4D6F-96CD-3E910D75CE0F}.Release|Any CPU.Build.0 = Release|Any CPU
		{39F48CE0-C247-4531-AC85-25DABADA1FD9}.Debug|Any CPU.ActiveCfg = Debug|Any CPU
		{39F48CE0-C247-4531-AC85-25DABADA1FD9}.Debug|Any CPU.Build.0 = Debug|Any CPU
		{39F48CE0-C247-4531-AC85-25DABADA1FD9}.Release|Any CPU.ActiveCfg = Release|Any CPU
		{39F48CE0-C247-4531-AC85-25DABADA1FD9}.Release|Any CPU.Build.0 = Release|Any CPU
		{B1A084A7-F0BA-4F77-95B0-303E95ACE196}.Debug|Any CPU.ActiveCfg = Debug|Any CPU
		{B1A084A7-F0BA-4F77-95B0-303E95ACE196}.Debug|Any CPU.Build.0 = Debug|Any CPU
		{B1A084A7-F0BA-4F77-95B0-303E95ACE196}.Release|Any CPU.ActiveCfg = Release|Any CPU
		{B1A084A7-F0BA-4F77-95B0-303E95ACE196}.Release|Any CPU.Build.0 = Release|Any CPU
		{DA87F7FE-6A4B-47D8-82F3-BD59DEF54827}.Debug|Any CPU.ActiveCfg = Debug|Any CPU
		{DA87F7FE-6A4B-47D8-82F3-BD59DEF54827}.Debug|Any CPU.Build.0 = Debug|Any CPU
		{DA87F7FE-6A4B-47D8-82F3-BD59DEF54827}.Release|Any CPU.ActiveCfg = Release|Any CPU
		{DA87F7FE-6A4B-47D8-82F3-BD59DEF54827}.Release|Any CPU.Build.0 = Release|Any CPU
		{D9E33DBE-162C-48CA-86E3-03F174D5F43C}.Debug|Any CPU.ActiveCfg = Debug|Any CPU
		{D9E33DBE-162C-48CA-86E3-03F174D5F43C}.Debug|Any CPU.Build.0 = Debug|Any CPU
		{D9E33DBE-162C-48CA-86E3-03F174D5F43C}.Release|Any CPU.ActiveCfg = Release|Any CPU
		{D9E33DBE-162C-48CA-86E3-03F174D5F43C}.Release|Any CPU.Build.0 = Release|Any CPU
	EndGlobalSection
	GlobalSection(SolutionProperties) = preSolution
		HideSolutionNode = FALSE
	EndGlobalSection
	GlobalSection(NestedProjects) = preSolution
		{2C9CC67B-D8B2-4682-BCD7-302B892B4F70} = {A67CFA78-0611-4F0A-AF29-701A2B4D11CA}
		{809914A6-F19B-4FB3-AC7F-1B301EF6EFCC} = {A67CFA78-0611-4F0A-AF29-701A2B4D11CA}
		{B4660E4B-3BA8-48C4-9973-63CF633D0C47} = {2C9CC67B-D8B2-4682-BCD7-302B892B4F70}
		{10636045-6F17-4D6F-96CD-3E910D75CE0F} = {2C9CC67B-D8B2-4682-BCD7-302B892B4F70}
		{39F48CE0-C247-4531-AC85-25DABADA1FD9} = {2C9CC67B-D8B2-4682-BCD7-302B892B4F70}
		{B1A084A7-F0BA-4F77-95B0-303E95ACE196} = {809914A6-F19B-4FB3-AC7F-1B301EF6EFCC}
		{DA87F7FE-6A4B-47D8-82F3-BD59DEF54827} = {809914A6-F19B-4FB3-AC7F-1B301EF6EFCC}
		{D9E33DBE-162C-48CA-86E3-03F174D5F43C} = {2C9CC67B-D8B2-4682-BCD7-302B892B4F70}
	EndGlobalSection
	GlobalSection(ExtensibilityGlobals) = postSolution
		SolutionGuid = {5ADAD4A9-4474-45DD-8E3B-486AFD1FEE5A}
	EndGlobalSection
EndGlobal
